
Microsoft Visual Studio Solution File, Format Version 12.00
# Visual Studio 15
VisualStudioVersion = 15.0.28010.2046
MinimumVisualStudioVersion = 10.0.40219.1
Project("{FAE04EC0-301F-11D3-BF4B-00C04F79EFBC}") = "Lab2.2", "Lab2.2\Lab2.2.csproj", "{F6B0C562-826F-4653-8CFB-D41C7B3DD374}"
EndProject
Global
	GlobalSection(SolutionConfigurationPlatforms) = preSolution
		Debug|Any CPU = Debug|Any CPU
		Release|Any CPU = Release|Any CPU
	EndGlobalSection
	GlobalSection(ProjectConfigurationPlatforms) = postSolution
		{F6B0C562-826F-4653-8CFB-D41C7B3DD374}.Debug|Any CPU.ActiveCfg = Debug|Any CPU
		{F6B0C562-826F-4653-8CFB-D41C7B3DD374}.Debug|Any CPU.Build.0 = Debug|Any CPU
		{F6B0C562-826F-4653-8CFB-D41C7B3DD374}.Release|Any CPU.ActiveCfg = Release|Any CPU
		{F6B0C562-826F-4653-8CFB-D41C7B3DD374}.Release|Any CPU.Build.0 = Release|Any CPU
	EndGlobalSection
	GlobalSection(SolutionProperties) = preSolution
		HideSolutionNode = FALSE
	EndGlobalSection
	GlobalSection(ExtensibilityGlobals) = postSolution
		SolutionGuid = {11A80403-7E38-48C6-A0CC-B9E124499806}
	EndGlobalSection
EndGlobal
